
Microsoft Visual Studio Solution File, Format Version 12.00
# Visual Studio 15
VisualStudioVersion = 15.0.28307.168
MinimumVisualStudioVersion = 10.0.40219.1
Project("{FAE04EC0-301F-11D3-BF4B-00C04F79EFBC}") = "Task3", "Task3\Task3.csproj", "{631AFA5C-8921-4CBB-9CEA-6952E1260B1A}"
EndProject
Global
	GlobalSection(SolutionConfigurationPlatforms) = preSolution
		Debug|Any CPU = Debug|Any CPU
		Release|Any CPU = Release|Any CPU
	EndGlobalSection
	GlobalSection(ProjectConfigurationPlatforms) = postSolution
		{631AFA5C-8921-4CBB-9CEA-6952E1260B1A}.Debug|Any CPU.ActiveCfg = Debug|Any CPU
		{631AFA5C-8921-4CBB-9CEA-6952E1260B1A}.Debug|Any CPU.Build.0 = Debug|Any CPU
		{631AFA5C-8921-4CBB-9CEA-6952E1260B1A}.Release|Any CPU.ActiveCfg = Release|Any CPU
		{631AFA5C-8921-4CBB-9CEA-6952E1260B1A}.Release|Any CPU.Build.0 = Release|Any CPU
	EndGlobalSection
	GlobalSection(SolutionProperties) = preSolution
		HideSolutionNode = FALSE
	EndGlobalSection
	GlobalSection(ExtensibilityGlobals) = postSolution
		SolutionGuid = {6F9E5DF7-4861-40F7-BDFD-F529D2E5E172}
	EndGlobalSection
EndGlobal
