
Microsoft Visual Studio Solution File, Format Version 12.00
# Visual Studio 15
VisualStudioVersion = 15.0.28307.168
MinimumVisualStudioVersion = 10.0.40219.1
Project("{FAE04EC0-301F-11D3-BF4B-00C04F79EFBC}") = "Task1", "Task1\Task1.csproj", "{985E8D6F-D4D8-46BB-8F12-D1F04BE67DDA}"
EndProject
Global
	GlobalSection(SolutionConfigurationPlatforms) = preSolution
		Debug|Any CPU = Debug|Any CPU
		Release|Any CPU = Release|Any CPU
	EndGlobalSection
	GlobalSection(ProjectConfigurationPlatforms) = postSolution
		{985E8D6F-D4D8-46BB-8F12-D1F04BE67DDA}.Debug|Any CPU.ActiveCfg = Debug|Any CPU
		{985E8D6F-D4D8-46BB-8F12-D1F04BE67DDA}.Debug|Any CPU.Build.0 = Debug|Any CPU
		{985E8D6F-D4D8-46BB-8F12-D1F04BE67DDA}.Release|Any CPU.ActiveCfg = Release|Any CPU
		{985E8D6F-D4D8-46BB-8F12-D1F04BE67DDA}.Release|Any CPU.Build.0 = Release|Any CPU
	EndGlobalSection
	GlobalSection(SolutionProperties) = preSolution
		HideSolutionNode = FALSE
	EndGlobalSection
	GlobalSection(ExtensibilityGlobals) = postSolution
		SolutionGuid = {C5D8FBDB-8980-4556-B86D-581D43E316C2}
	EndGlobalSection
EndGlobal
